// !$*UTF8*$!
{
	archiveVersion = 1;
	classes = {
	};
	objectVersion = 50;
	objects = {

/* Begin PBXBuildFile section */
		96C8997D26C540E4005A861D /* ProJokes_SwiftUIApp.swift in Sources */ = {isa = PBXBuildFile; fileRef = 96C8997C26C540E4005A861D /* ProJokes_SwiftUIApp.swift */; };
		96C8997F26C540E4005A861D /* ContentView.swift in Sources */ = {isa = PBXBuildFile; fileRef = 96C8997E26C540E4005A861D /* ContentView.swift */; };
		96C8998126C540E5005A861D /* Assets.xcassets in Resources */ = {isa = PBXBuildFile; fileRef = 96C8998026C540E5005A861D /* Assets.xcassets */; };
		96C8998426C540E5005A861D /* Preview Assets.xcassets in Resources */ = {isa = PBXBuildFile; fileRef = 96C8998326C540E5005A861D /* Preview Assets.xcassets */; };
		96C8998D26C54634005A861D /* DetailView.swift in Sources */ = {isa = PBXBuildFile; fileRef = 96C8998C26C54634005A861D /* DetailView.swift */; };
		96C8999026C54669005A861D /* NetworkManager.swift in Sources */ = {isa = PBXBuildFile; fileRef = 96C8998F26C54669005A861D /* NetworkManager.swift */; };
		96C8999226C54678005A861D /* PostData.swift in Sources */ = {isa = PBXBuildFile; fileRef = 96C8999126C54678005A861D /* PostData.swift */; };
/* End PBXBuildFile section */

/* Begin PBXFileReference section */
		96C8997926C540E4005A861D /* ProJokes SwiftUI.app */ = {isa = PBXFileReference; explicitFileType = wrapper.application; includeInIndex = 0; path = "ProJokes SwiftUI.app"; sourceTree = BUILT_PRODUCTS_DIR; };
		96C8997C26C540E4005A861D /* ProJokes_SwiftUIApp.swift */ = {isa = PBXFileReference; lastKnownFileType = sourcecode.swift; path = ProJokes_SwiftUIApp.swift; sourceTree = "<group>"; };
		96C8997E26C540E4005A861D /* ContentView.swift */ = {isa = PBXFileReference; lastKnownFileType = sourcecode.swift; path = ContentView.swift; sourceTree = "<group>"; };
		96C8998026C540E5005A861D /* Assets.xcassets */ = {isa = PBXFileReference; lastKnownFileType = folder.assetcatalog; path = Assets.xcassets; sourceTree = "<group>"; };
		96C8998326C540E5005A861D /* Preview Assets.xcassets */ = {isa = PBXFileReference; lastKnownFileType = folder.assetcatalog; path = "Preview Assets.xcassets"; sourceTree = "<group>"; };
		96C8998526C540E5005A861D /* Info.plist */ = {isa = PBXFileReference; lastKnownFileType = text.plist.xml; path = Info.plist; sourceTree = "<group>"; };
		96C8998C26C54634005A861D /* DetailView.swift */ = {isa = PBXFileReference; lastKnownFileType = sourcecode.swift; path = DetailView.swift; sourceTree = "<group>"; };
		96C8998F26C54669005A861D /* NetworkManager.swift */ = {isa = PBXFileReference; lastKnownFileType = sourcecode.swift; path = NetworkManager.swift; sourceTree = "<group>"; };
		96C8999126C54678005A861D /* PostData.swift */ = {isa = PBXFileReference; lastKnownFileType = sourcecode.swift; path = PostData.swift; sourceTree = "<group>"; };
/* End PBXFileReference section */

/* Begin PBXFrameworksBuildPhase section */
		96C8997626C540E4005A861D /* Frameworks */ = {
			isa = PBXFrameworksBuildPhase;
			buildActionMask = 2147483647;
			files = (
			);
			runOnlyForDeploymentPostprocessing = 0;
		};
/* End PBXFrameworksBuildPhase section */

/* Begin PBXGroup section */
		96C8997026C540E4005A861D = {
			isa = PBXGroup;
			children = (
				96C8997B26C540E4005A861D /* ProJokes SwiftUI */,
				96C8997A26C540E4005A861D /* Products */,
			);
			sourceTree = "<group>";
		};
		96C8997A26C540E4005A861D /* Products */ = {
			isa = PBXGroup;
			children = (
				96C8997926C540E4005A861D /* ProJokes SwiftUI.app */,
			);
			name = Products;
			sourceTree = "<group>";
		};
		96C8997B26C540E4005A861D /* ProJokes SwiftUI */ = {
			isa = PBXGroup;
			children = (
				96C8998E26C5463A005A861D /* Models */,
				96C8997C26C540E4005A861D /* ProJokes_SwiftUIApp.swift */,
				96C8998B26C54610005A861D /* Views */,
				96C8998026C540E5005A861D /* Assets.xcassets */,
				96C8998526C540E5005A861D /* Info.plist */,
				96C8998226C540E5005A861D /* Preview Content */,
			);
			path = "ProJokes SwiftUI";
			sourceTree = "<group>";
		};
		96C8998226C540E5005A861D /* Preview Content */ = {
			isa = PBXGroup;
			children = (
				96C8998326C540E5005A861D /* Preview Assets.xcassets */,
			);
			path = "Preview Content";
			sourceTree = "<group>";
		};
		96C8998B26C54610005A861D /* Views */ = {
			isa = PBXGroup;
			children = (
				96C8997E26C540E4005A861D /* ContentView.swift */,
				96C8998C26C54634005A861D /* DetailView.swift */,
			);
			path = Views;
			sourceTree = "<group>";
		};
		96C8998E26C5463A005A861D /* Models */ = {
			isa = PBXGroup;
			children = (
				96C8998F26C54669005A861D /* NetworkManager.swift */,
				96C8999126C54678005A861D /* PostData.swift */,
			);
			path = Models;
			sourceTree = "<group>";
		};
/* End PBXGroup section */

/* Begin PBXNativeTarget section */
		96C8997826C540E4005A861D /* ProJokes SwiftUI */ = {
			isa = PBXNativeTarget;
			buildConfigurationList = 96C8998826C540E5005A861D /* Build configuration list for PBXNativeTarget "ProJokes SwiftUI" */;
			buildPhases = (
				96C8997526C540E4005A861D /* Sources */,
				96C8997626C540E4005A861D /* Frameworks */,
				96C8997726C540E4005A861D /* Resources */,
			);
			buildRules = (
			);
			dependencies = (
			);
			name = "ProJokes SwiftUI";
			productName = "ProJokes SwiftUI";
			productReference = 96C8997926C540E4005A861D /* ProJokes SwiftUI.app */;
			productType = "com.apple.product-type.application";
		};
/* End PBXNativeTarget section */

/* Begin PBXProject section */
		96C8997126C540E4005A861D /* Project object */ = {
			isa = PBXProject;
			attributes = {
				LastSwiftUpdateCheck = 1250;
				LastUpgradeCheck = 1250;
				TargetAttributes = {
					96C8997826C540E4005A861D = {
						CreatedOnToolsVersion = 12.5.1;
					};
				};
			};
			buildConfigurationList = 96C8997426C540E4005A861D /* Build configuration list for PBXProject "ProJokes SwiftUI" */;
			compatibilityVersion = "Xcode 9.3";
			developmentRegion = en;
			hasScannedForEncodings = 0;
			knownRegions = (
				en,
				Base,
			);
			mainGroup = 96C8997026C540E4005A861D;
			productRefGroup = 96C8997A26C540E4005A861D /* Products */;
			projectDirPath = "";
			projectRoot = "";
			targets = (
				96C8997826C540E4005A861D /* ProJokes SwiftUI */,
			);
		};
/* End PBXProject section */

/* Begin PBXResourcesBuildPhase section */
		96C8997726C540E4005A861D /* Resources */ = {
			isa = PBXResourcesBuildPhase;
			buildActionMask = 2147483647;
			files = (
				96C8998426C540E5005A861D /* Preview Assets.xcassets in Resources */,
				96C8998126C540E5005A861D /* Assets.xcassets in Resources */,
			);
			runOnlyForDeploymentPostprocessing = 0;
		};
/* End PBXResourcesBuildPhase section */

/* Begin PBXSourcesBuildPhase section */
		96C8997526C540E4005A861D /* Sources */ = {
			isa = PBXSourcesBuildPhase;
			buildActionMask = 2147483647;
			files = (
				96C8999226C54678005A861D /* PostData.swift in Sources */,
				96C8999026C54669005A861D /* NetworkManager.swift in Sources */,
				96C8997F26C540E4005A861D /* ContentView.swift in Sources */,
				96C8998D26C54634005A861D /* DetailView.swift in Sources */,
				96C8997D26C540E4005A861D /* ProJokes_SwiftUIApp.swift in Sources */,
			);
			runOnlyForDeploymentPostprocessing = 0;
		};
/* End PBXSourcesBuildPhase section */

/* Begin XCBuildConfiguration section */
		96C8998626C540E5005A861D /* Debug */ = {
			isa = XCBuildConfiguration;
			buildSettings = {
				ALWAYS_SEARCH_USER_PATHS = NO;
				CLANG_ANALYZER_NONNULL = YES;
				CLANG_ANALYZER_NUMBER_OBJECT_CONVERSION = YES_AGGRESSIVE;
				CLANG_CXX_LANGUAGE_STANDARD = "gnu++14";
				CLANG_CXX_LIBRARY = "libc++";
				CLANG_ENABLE_MODULES = YES;
				CLANG_ENABLE_OBJC_ARC = YES;
				CLANG_ENABLE_OBJC_WEAK = YES;
				CLANG_WARN_BLOCK_CAPTURE_AUTORELEASING = YES;
				CLANG_WARN_BOOL_CONVERSION = YES;
				CLANG_WARN_COMMA = YES;
				CLANG_WARN_CONSTANT_CONVERSION = YES;
				CLANG_WARN_DEPRECATED_OBJC_IMPLEMENTATIONS = YES;
				CLANG_WARN_DIRECT_OBJC_ISA_USAGE = YES_ERROR;
				CLANG_WARN_DOCUMENTATION_COMMENTS = YES;
				CLANG_WARN_EMPTY_BODY = YES;
				CLANG_WARN_ENUM_CONVERSION = YES;
				CLANG_WARN_INFINITE_RECURSION = YES;
				CLANG_WARN_INT_CONVERSION = YES;
				CLANG_WARN_NON_LITERAL_NULL_CONVERSION = YES;
				CLANG_WARN_OBJC_IMPLICIT_RETAIN_SELF = YES;
				CLANG_WARN_OBJC_LITERAL_CONVERSION = YES;
				CLANG_WARN_OBJC_ROOT_CLASS = YES_ERROR;
				CLANG_WARN_QUOTED_INCLUDE_IN_FRAMEWORK_HEADER = YES;
				CLANG_WARN_RANGE_LOOP_ANALYSIS = YES;
				CLANG_WARN_STRICT_PROTOTYPES = YES;
				CLANG_WARN_SUSPICIOUS_MOVE = YES;
				CLANG_WARN_UNGUARDED_AVAILABILITY = YES_AGGRESSIVE;
				CLANG_WARN_UNREACHABLE_CODE = YES;
				CLANG_WARN__DUPLICATE_METHOD_MATCH = YES;
				COPY_PHASE_STRIP = NO;
				DEBUG_INFORMATION_FORMAT = dwarf;
				ENABLE_STRICT_OBJC_MSGSEND = YES;
				ENABLE_TESTABILITY = YES;
				GCC_C_LANGUAGE_STANDARD = gnu11;
				GCC_DYNAMIC_NO_PIC = NO;
				GCC_NO_COMMON_BLOCKS = YES;
				GCC_OPTIMIZATION_LEVEL = 0;
				GCC_PREPROCESSOR_DEFINITIONS = (
					"DEBUG=1",
					"$(inherited)",
				);
				GCC_WARN_64_TO_32_BIT_CONVERSION = YES;
				GCC_WARN_ABOUT_RETURN_TYPE = YES_ERROR;
				GCC_WARN_UNDECLARED_SELECTOR = YES;
				GCC_WARN_UNINITIALIZED_AUTOS = YES_AGGRESSIVE;
				GCC_WARN_UNUSED_FUNCTION = YES;
				GCC_WARN_UNUSED_VARIABLE = YES;
				IPHONEOS_DEPLOYMENT_TARGET = 14.5;
				MTL_ENABLE_DEBUG_INFO = INCLUDE_SOURCE;
				MTL_FAST_MATH = YES;
				ONLY_ACTIVE_ARCH = YES;
				SDKROOT = iphoneos;
				SWIFT_ACTIVE_COMPILATION_CONDITIONS = DEBUG;
				SWIFT_OPTIMIZATION_LEVEL = "-Onone";
			};
			name = Debug;
		};
		96C8998726C540E5005A861D /* Release */ = {
			isa = XCBuildConfiguration;
			buildSettings = {
				ALWAYS_SEARCH_USER_PATHS = NO;
				CLANG_ANALYZER_NONNULL = YES;
				CLANG_ANALYZER_NUMBER_OBJECT_CONVERSION = YES_AGGRESSIVE;
				CLANG_CXX_LANGUAGE_STANDARD = "gnu++14";
				CLANG_CXX_LIBRARY = "libc++";
				CLANG_ENABLE_MODULES = YES;
				CLANG_ENABLE_OBJC_ARC = YES;
				CLANG_ENABLE_OBJC_WEAK = YES;
				CLANG_WARN_BLOCK_CAPTURE_AUTORELEASING = YES;
				CLANG_WARN_BOOL_CONVERSION = YES;
				CLANG_WARN_COMMA = YES;
				CLANG_WARN_CONSTANT_CONVERSION = YES;
				CLANG_WARN_DEPRECATED_OBJC_IMPLEMENTATIONS = YES;
				CLANG_WARN_DIRECT_OBJC_ISA_USAGE = YES_ERROR;
				CLANG_WARN_DOCUMENTATION_COMMENTS = YES;
				CLANG_WARN_EMPTY_BODY = YES;
				CLANG_WARN_ENUM_CONVERSION = YES;
				CLANG_WARN_INFINITE_RECURSION = YES;
				CLANG_WARN_INT_CONVERSION = YES;
				CLANG_WARN_NON_LITERAL_NULL_CONVERSION = YES;
				CLANG_WARN_OBJC_IMPLICIT_RETAIN_SELF = YES;
				CLANG_WARN_OBJC_LITERAL_CONVERSION = YES;
				CLANG_WARN_OBJC_ROOT_CLASS = YES_ERROR;
				CLANG_WARN_QUOTED_INCLUDE_IN_FRAMEWORK_HEADER = YES;
				CLANG_WARN_RANGE_LOOP_ANALYSIS = YES;
				CLANG_WARN_STRICT_PROTOTYPES = YES;
				CLANG_WARN_SUSPICIOUS_MOVE = YES;
				CLANG_WARN_UNGUARDED_AVAILABILITY = YES_AGGRESSIVE;
				CLANG_WARN_UNREACHABLE_CODE = YES;
				CLANG_WARN__DUPLICATE_METHOD_MATCH = YES;
				COPY_PHASE_STRIP = NO;
				DEBUG_INFORMATION_FORMAT = "dwarf-with-dsym";
				ENABLE_NS_ASSERTIONS = NO;
				ENABLE_STRICT_OBJC_MSGSEND = YES;
				GCC_C_LANGUAGE_STANDARD = gnu11;
				GCC_NO_COMMON_BLOCKS = YES;
				GCC_WARN_64_TO_32_BIT_CONVERSION = YES;
				GCC_WARN_ABOUT_RETURN_TYPE = YES_ERROR;
				GCC_WARN_UNDECLARED_SELECTOR = YES;
				GCC_WARN_UNINITIALIZED_AUTOS = YES_AGGRESSIVE;
				GCC_WARN_UNUSED_FUNCTION = YES;
				GCC_WARN_UNUSED_VARIABLE = YES;
				IPHONEOS_DEPLOYMENT_TARGET = 14.5;
				MTL_ENABLE_DEBUG_INFO = NO;
				MTL_FAST_MATH = YES;
				SDKROOT = iphoneos;
				SWIFT_COMPILATION_MODE = wholemodule;
				SWIFT_OPTIMIZATION_LEVEL = "-O";
				VALIDATE_PRODUCT = YES;
			};
			name = Release;
		};
		96C8998926C540E5005A861D /* Debug */ = {
			isa = XCBuildConfiguration;
			buildSettings = {
				ASSETCATALOG_COMPILER_APPICON_NAME = AppIcon;
				ASSETCATALOG_COMPILER_GLOBAL_ACCENT_COLOR_NAME = AccentColor;
				CODE_SIGN_STYLE = Automatic;
				DEVELOPMENT_ASSET_PATHS = "\"ProJokes SwiftUI/Preview Content\"";
				DEVELOPMENT_TEAM = F759J7C4F7;
				ENABLE_PREVIEWS = YES;
				INFOPLIST_FILE = "ProJokes SwiftUI/Info.plist";
				IPHONEOS_DEPLOYMENT_TARGET = 14.0;
				LD_RUNPATH_SEARCH_PATHS = (
					"$(inherited)",
					"@executable_path/Frameworks",
				);
				PRODUCT_BUNDLE_IDENTIFIER = "com.oliver.scheer.ProJokes-SwiftUI";
				PRODUCT_NAME = "$(TARGET_NAME)";
				SWIFT_VERSION = 5.0;
				TARGETED_DEVICE_FAMILY = "1,2";
			};
			name = Debug;
		};
		96C8998A26C540E5005A861D /* Release */ = {
			isa = XCBuildConfiguration;
			buildSettings = {
				ASSETCATALOG_COMPILER_APPICON_NAME = AppIcon;
				ASSETCATALOG_COMPILER_GLOBAL_ACCENT_COLOR_NAME = AccentColor;
				CODE_SIGN_STYLE = Automatic;
				DEVELOPMENT_ASSET_PATHS = "\"ProJokes SwiftUI/Preview Content\"";
				DEVELOPMENT_TEAM = F759J7C4F7;
				ENABLE_PREVIEWS = YES;
				INFOPLIST_FILE = "ProJokes SwiftUI/Info.plist";
				IPHONEOS_DEPLOYMENT_TARGET = 14.0;
				LD_RUNPATH_SEARCH_PATHS = (
					"$(inherited)",
					"@executable_path/Frameworks",
				);
				PRODUCT_BUNDLE_IDENTIFIER = "com.oliver.scheer.ProJokes-SwiftUI";
				PRODUCT_NAME = "$(TARGET_NAME)";
				SWIFT_VERSION = 5.0;
				TARGETED_DEVICE_FAMILY = "1,2";
			};
			name = Release;
		};
/* End XCBuildConfiguration section */

/* Begin XCConfigurationList section */
		96C8997426C540E4005A861D /* Build configuration list for PBXProject "ProJokes SwiftUI" */ = {
			isa = XCConfigurationList;
			buildConfigurations = (
				96C8998626C540E5005A861D /* Debug */,
				96C8998726C540E5005A861D /* Release */,
			);
			defaultConfigurationIsVisible = 0;
			defaultConfigurationName = Release;
		};
		96C8998826C540E5005A861D /* Build configuration list for PBXNativeTarget "ProJokes SwiftUI" */ = {
			isa = XCConfigurationList;
			buildConfigurations = (
				96C8998926C540E5005A861D /* Debug */,
				96C8998A26C540E5005A861D /* Release */,
			);
			defaultConfigurationIsVisible = 0;
			defaultConfigurationName = Release;
		};
/* End XCConfigurationList section */
	};
	rootObject = 96C8997126C540E4005A861D /* Project object */;
}
